Microsoft Visual Studio Solution File, Format Version 12.00
# Visual Studio Version 17
VisualStudioVersion = 17.0.31903.59
MinimumVisualStudioVersion = 10.0.40219.1
Project("{FAE04EC0-301F-11D3-BF4B-00C04F79EFBC}") = "RemoteCommandServer", "RemoteCommandServer\RemoteCommandServer.csproj", "{8D54D2B1-1234-4B45-8B32-111111111111}"
EndProject
Project("{FAE04EC0-301F-11D3-BF4B-00C04F79EFBC}") = "RemoteCommandClient", "RemoteCommandClient\RemoteCommandClient.csproj", "{89F523A0-5678-4FB9-8C7E-222222222222}"
EndProject
Global
    GlobalSection(SolutionConfigurationPlatforms) = preSolution
        Debug|Any CPU = Debug|Any CPU
        Release|Any CPU = Release|Any CPU
    EndGlobalSection
    GlobalSection(ProjectConfigurationPlatforms) = postSolution
        {8D54D2B1-1234-4B45-8B32-111111111111}.Debug|Any CPU.ActiveCfg = Debug|Any CPU
        {8D54D2B1-1234-4B45-8B32-111111111111}.Debug|Any CPU.Build.0 = Debug|Any CPU
        {8D54D2B1-1234-4B45-8B32-111111111111}.Release|Any CPU.ActiveCfg = Release|Any CPU
        {8D54D2B1-1234-4B45-8B32-111111111111}.Release|Any CPU.Build.0 = Release|Any CPU
        {89F523A0-5678-4FB9-8C7E-222222222222}.Debug|Any CPU.ActiveCfg = Debug|Any CPU
        {89F523A0-5678-4FB9-8C7E-222222222222}.Debug|Any CPU.Build.0 = Debug|Any CPU
        {89F523A0-5678-4FB9-8C7E-222222222222}.Release|Any CPU.ActiveCfg = Release|Any CPU
        {89F523A0-5678-4FB9-8C7E-222222222222}.Release|Any CPU.Build.0 = Release|Any CPU
    EndGlobalSection
EndGlobal
